
Microsoft Visual Studio Solution File, Format Version 12.00
# Visual Studio Version 16
VisualStudioVersion = 16.0.30002.166
MinimumVisualStudioVersion = 10.0.40219.1
Project("{FAE04EC0-301F-11D3-BF4B-00C04F79EFBC}") = "FirstMvcProject", "FirstMvcProject\FirstMvcProject.csproj", "{94A014E7-B5C9-4441-9AEF-3C003F8C1277}"
EndProject
Global
	GlobalSection(SolutionConfigurationPlatforms) = preSolution
		Debug|Any CPU = Debug|Any CPU
		Release|Any CPU = Release|Any CPU
	EndGlobalSection
	GlobalSection(ProjectConfigurationPlatforms) = postSolution
		{94A014E7-B5C9-4441-9AEF-3C003F8C1277}.Debug|Any CPU.ActiveCfg = Debug|Any CPU
		{94A014E7-B5C9-4441-9AEF-3C003F8C1277}.Debug|Any CPU.Build.0 = Debug|Any CPU
		{94A014E7-B5C9-4441-9AEF-3C003F8C1277}.Release|Any CPU.ActiveCfg = Release|Any CPU
		{94A014E7-B5C9-4441-9AEF-3C003F8C1277}.Release|Any CPU.Build.0 = Release|Any CPU
	EndGlobalSection
	GlobalSection(SolutionProperties) = preSolution
		HideSolutionNode = FALSE
	EndGlobalSection
	GlobalSection(ExtensibilityGlobals) = postSolution
		SolutionGuid = {DF19A97F-C68F-476C-B0AF-65D729C37596}
	EndGlobalSection
EndGlobal
